
Microsoft Visual Studio Solution File, Format Version 10.00
# Visual Studio 2008
Project("{8BC9CEB8-8B4A-11D0-8D11-00A0C91BC942}") = "TruthTableCreator", "TruthTableCreator\TruthTableCreator.vcproj", "{51109B01-9A09-41CD-9968-92F36AF41D7E}"
EndProject
Global
	GlobalSection(SolutionConfigurationPlatforms) = preSolution
		Debug|Win32 = Debug|Win32
		Release|Win32 = Release|Win32
	EndGlobalSection
	GlobalSection(ProjectConfigurationPlatforms) = postSolution
		{51109B01-9A09-41CD-9968-92F36AF41D7E}.Debug|Win32.ActiveCfg = Debug|Win32
		{51109B01-9A09-41CD-9968-92F36AF41D7E}.Debug|Win32.Build.0 = Debug|Win32
		{51109B01-9A09-41CD-9968-92F36AF41D7E}.Release|Win32.ActiveCfg = Release|Win32
		{51109B01-9A09-41CD-9968-92F36AF41D7E}.Release|Win32.Build.0 = Release|Win32
	EndGlobalSection
	GlobalSection(SolutionProperties) = preSolution
		HideSolutionNode = FALSE
	EndGlobalSection
EndGlobal
